// !$*UTF8*$!
{
	archiveVersion = 1;
	classes = {
	};
	objectVersion = 45;
	objects = {

/* Begin PBXBuildFile section */
		1DDD58160DA1D0A300B32029 /* MainMenu.xib in Resources */ = {isa = PBXBuildFile; fileRef = 1DDD58140DA1D0A300B32029 /* MainMenu.xib */; };
		8D11072B0486CEB800E47090 /* InfoPlist.strings in Resources */ = {isa = PBXBuildFile; fileRef = 089C165CFE840E0CC02AAC07 /* InfoPlist.strings */; };
		8D11072D0486CEB800E47090 /* main.m in Sources */ = {isa = PBXBuildFile; fileRef = 29B97316FDCFA39411CA2CEA /* main.m */; settings = {ATTRIBUTES = (); }; };
		8D11072F0486CEB800E47090 /* Cocoa.framework in Frameworks */ = {isa = PBXBuildFile; fileRef = 1058C7A1FEA54F0111CA2CBB /* Cocoa.framework */; };
		C92AE05D11505DA20049F7F2 /* SystemConfiguration.framework in Frameworks */ = {isa = PBXBuildFile; fileRef = C92AE05C11505DA20049F7F2 /* SystemConfiguration.framework */; };
		C92AE0C4115060EB0049F7F2 /* BBDemoLiveResponder.m in Sources */ = {isa = PBXBuildFile; fileRef = C92AE0C3115060EB0049F7F2 /* BBDemoLiveResponder.m */; };
		C952E495114F286700FB1C20 /* BBServer.m in Sources */ = {isa = PBXBuildFile; fileRef = C952E478114F286700FB1C20 /* BBServer.m */; };
		C952E496114F286700FB1C20 /* BBConnection.m in Sources */ = {isa = PBXBuildFile; fileRef = C952E47A114F286700FB1C20 /* BBConnection.m */; };
		C952E497114F286700FB1C20 /* BBRequest.m in Sources */ = {isa = PBXBuildFile; fileRef = C952E47C114F286700FB1C20 /* BBRequest.m */; };
		C952E498114F286700FB1C20 /* BBDataResponse.m in Sources */ = {isa = PBXBuildFile; fileRef = C952E47F114F286700FB1C20 /* BBDataResponse.m */; };
		C952E499114F286700FB1C20 /* HTTPAsyncFileResponse.m in Sources */ = {isa = PBXBuildFile; fileRef = C952E482114F286700FB1C20 /* HTTPAsyncFileResponse.m */; };
		C952E49A114F286700FB1C20 /* HTTPAuthenticationRequest.m in Sources */ = {isa = PBXBuildFile; fileRef = C952E484114F286700FB1C20 /* HTTPAuthenticationRequest.m */; };
		C952E49B114F286700FB1C20 /* HTTPServer.m in Sources */ = {isa = PBXBuildFile; fileRef = C952E486114F286700FB1C20 /* HTTPServer.m */; };
		C952E49C114F286700FB1C20 /* HTTPConnection.m in Sources */ = {isa = PBXBuildFile; fileRef = C952E488114F286700FB1C20 /* HTTPConnection.m */; };
		C952E49D114F286700FB1C20 /* HTTPResponse.m in Sources */ = {isa = PBXBuildFile; fileRef = C952E48A114F286700FB1C20 /* HTTPResponse.m */; };
		C952E49E114F286700FB1C20 /* AsyncSocket.m in Sources */ = {isa = PBXBuildFile; fileRef = C952E48D114F286700FB1C20 /* AsyncSocket.m */; };
		C952E49F114F286700FB1C20 /* DDNumber.m in Sources */ = {isa = PBXBuildFile; fileRef = C952E490114F286700FB1C20 /* DDNumber.m */; };
		C952E4A0114F286700FB1C20 /* DDRange.m in Sources */ = {isa = PBXBuildFile; fileRef = C952E492114F286700FB1C20 /* DDRange.m */; };
		C952E4A1114F286700FB1C20 /* DDData.m in Sources */ = {isa = PBXBuildFile; fileRef = C952E494114F286700FB1C20 /* DDData.m */; };
		C952E4D8114F32A400FB1C20 /* BBDemoController.m in Sources */ = {isa = PBXBuildFile; fileRef = C952E4D7114F32A400FB1C20 /* BBDemoController.m */; };
		C952E4F8114F362700FB1C20 /* off.tiff in Resources */ = {isa = PBXBuildFile; fileRef = C952E4F6114F362700FB1C20 /* off.tiff */; };
		C952E4F9114F362700FB1C20 /* on.tiff in Resources */ = {isa = PBXBuildFile; fileRef = C952E4F7114F362700FB1C20 /* on.tiff */; };
		C952E509114F3ABF00FB1C20 /* Localizable.strings in Resources */ = {isa = PBXBuildFile; fileRef = C952E508114F3ABF00FB1C20 /* Localizable.strings */; };
		C96928E11224B89000CDC4FB /* HTTPDynamicFileResponse.m in Sources */ = {isa = PBXBuildFile; fileRef = C96928E01224B89000CDC4FB /* HTTPDynamicFileResponse.m */; };
		C96929701224BFDE00CDC4FB /* Cocoa.framework in Frameworks */ = {isa = PBXBuildFile; fileRef = 1058C7A1FEA54F0111CA2CBB /* Cocoa.framework */; };
		C969297F1224C3B800CDC4FB /* HBDemoController.m in Sources */ = {isa = PBXBuildFile; fileRef = C969297E1224C3B800CDC4FB /* HBDemoController.m */; };
		C96929801224C3C300CDC4FB /* main.m in Sources */ = {isa = PBXBuildFile; fileRef = 29B97316FDCFA39411CA2CEA /* main.m */; };
		C96929811224C3F400CDC4FB /* BBServer.m in Sources */ = {isa = PBXBuildFile; fileRef = C952E478114F286700FB1C20 /* BBServer.m */; };
		C96929821224C3F400CDC4FB /* BBConnection.m in Sources */ = {isa = PBXBuildFile; fileRef = C952E47A114F286700FB1C20 /* BBConnection.m */; };
		C96929831224C3FC00CDC4FB /* BBRequest.m in Sources */ = {isa = PBXBuildFile; fileRef = C952E47C114F286700FB1C20 /* BBRequest.m */; };
		C96929841224C3FC00CDC4FB /* BBDataResponse.m in Sources */ = {isa = PBXBuildFile; fileRef = C952E47F114F286700FB1C20 /* BBDataResponse.m */; };
		C96929851224C40600CDC4FB /* HTTPAsyncFileResponse.m in Sources */ = {isa = PBXBuildFile; fileRef = C952E482114F286700FB1C20 /* HTTPAsyncFileResponse.m */; };
		C96929861224C40600CDC4FB /* HTTPDynamicFileResponse.m in Sources */ = {isa = PBXBuildFile; fileRef = C96928E01224B89000CDC4FB /* HTTPDynamicFileResponse.m */; };
		C96929871224C40600CDC4FB /* HTTPAuthenticationRequest.m in Sources */ = {isa = PBXBuildFile; fileRef = C952E484114F286700FB1C20 /* HTTPAuthenticationRequest.m */; };
		C96929881224C40600CDC4FB /* HTTPServer.m in Sources */ = {isa = PBXBuildFile; fileRef = C952E486114F286700FB1C20 /* HTTPServer.m */; };
		C96929891224C40600CDC4FB /* HTTPConnection.m in Sources */ = {isa = PBXBuildFile; fileRef = C952E488114F286700FB1C20 /* HTTPConnection.m */; };
		C969298A1224C40600CDC4FB /* HTTPResponse.m in Sources */ = {isa = PBXBuildFile; fileRef = C952E48A114F286700FB1C20 /* HTTPResponse.m */; };
		C969298B1224C40D00CDC4FB /* AsyncSocket.m in Sources */ = {isa = PBXBuildFile; fileRef = C952E48D114F286700FB1C20 /* AsyncSocket.m */; };
		C969298C1224C41400CDC4FB /* DDNumber.m in Sources */ = {isa = PBXBuildFile; fileRef = C952E490114F286700FB1C20 /* DDNumber.m */; };
		C969298D1224C41400CDC4FB /* DDRange.m in Sources */ = {isa = PBXBuildFile; fileRef = C952E492114F286700FB1C20 /* DDRange.m */; };
		C969298E1224C41400CDC4FB /* DDData.m in Sources */ = {isa = PBXBuildFile; fileRef = C952E494114F286700FB1C20 /* DDData.m */; };
		C96929941224C43000CDC4FB /* MainMenuHB.xib in Resources */ = {isa = PBXBuildFile; fileRef = C96929931224C43000CDC4FB /* MainMenuHB.xib */; };
		C96929AD1224C61600CDC4FB /* Localizable.strings in Resources */ = {isa = PBXBuildFile; fileRef = C952E508114F3ABF00FB1C20 /* Localizable.strings */; };
		C96929AE1224C61E00CDC4FB /* off.tiff in Resources */ = {isa = PBXBuildFile; fileRef = C952E4F6114F362700FB1C20 /* off.tiff */; };
		C96929AF1224C61E00CDC4FB /* on.tiff in Resources */ = {isa = PBXBuildFile; fileRef = C952E4F7114F362700FB1C20 /* on.tiff */; };
		C9692A3C1224D5D000CDC4FB /* HBResponder.m in Sources */ = {isa = PBXBuildFile; fileRef = C9692A3B1224D5D000CDC4FB /* HBResponder.m */; };
		C9692B0F1225005D00CDC4FB /* comet.html in Resources */ = {isa = PBXBuildFile; fileRef = C9692B0E1225005D00CDC4FB /* comet.html */; };
/* End PBXBuildFile section */

/* Begin PBXFileReference section */
		089C165DFE840E0CC02AAC07 /* English */ = {isa = PBXFileReference; fileEncoding = 4; lastKnownFileType = text.plist.strings; name = English; path = English.lproj/InfoPlist.strings; sourceTree = "<group>"; };
		1058C7A1FEA54F0111CA2CBB /* Cocoa.framework */ = {isa = PBXFileReference; lastKnownFileType = wrapper.framework; name = Cocoa.framework; path = /System/Library/Frameworks/Cocoa.framework; sourceTree = "<absolute>"; };
		13E42FB307B3F0F600E4EEF1 /* CoreData.framework */ = {isa = PBXFileReference; lastKnownFileType = wrapper.framework; name = CoreData.framework; path = /System/Library/Frameworks/CoreData.framework; sourceTree = "<absolute>"; };
		1DDD58150DA1D0A300B32029 /* English */ = {isa = PBXFileReference; lastKnownFileType = file.xib; name = English; path = English.lproj/MainMenu.xib; sourceTree = "<group>"; };
		256AC3F00F4B6AF500CF3369 /* Blackbox_Prefix.pch */ = {isa = PBXFileReference; fileEncoding = 4; lastKnownFileType = sourcecode.c.h; path = Blackbox_Prefix.pch; sourceTree = "<group>"; };
		29B97316FDCFA39411CA2CEA /* main.m */ = {isa = PBXFileReference; fileEncoding = 4; lastKnownFileType = sourcecode.c.objc; path = main.m; sourceTree = "<group>"; };
		29B97324FDCFA39411CA2CEA /* AppKit.framework */ = {isa = PBXFileReference; lastKnownFileType = wrapper.framework; name = AppKit.framework; path = /System/Library/Frameworks/AppKit.framework; sourceTree = "<absolute>"; };
		29B97325FDCFA39411CA2CEA /* Foundation.framework */ = {isa = PBXFileReference; lastKnownFileType = wrapper.framework; name = Foundation.framework; path = /System/Library/Frameworks/Foundation.framework; sourceTree = "<absolute>"; };
		8D1107310486CEB800E47090 /* Blackbox-Info.plist */ = {isa = PBXFileReference; fileEncoding = 4; lastKnownFileType = text.plist.xml; path = "Blackbox-Info.plist"; sourceTree = "<group>"; };
		8D1107320486CEB800E47090 /* Blackbox Demo.app */ = {isa = PBXFileReference; explicitFileType = wrapper.application; includeInIndex = 0; path = "Blackbox Demo.app"; sourceTree = BUILT_PRODUCTS_DIR; };
		C92AE05C11505DA20049F7F2 /* SystemConfiguration.framework */ = {isa = PBXFileReference; lastKnownFileType = wrapper.framework; name = SystemConfiguration.framework; path = /System/Library/Frameworks/SystemConfiguration.framework; sourceTree = "<absolute>"; };
		C92AE0C2115060EB0049F7F2 /* BBDemoLiveResponder.h */ = {isa = PBXFileReference; fileEncoding = 4; lastKnownFileType = sourcecode.c.h; path = BBDemoLiveResponder.h; sourceTree = "<group>"; };
		C92AE0C3115060EB0049F7F2 /* BBDemoLiveResponder.m */ = {isa = PBXFileReference; fileEncoding = 4; lastKnownFileType = sourcecode.c.objc; path = BBDemoLiveResponder.m; sourceTree = "<group>"; };
		C952E477114F286700FB1C20 /* BBServer.h */ = {isa = PBXFileReference; fileEncoding = 4; lastKnownFileType = sourcecode.c.h; path = BBServer.h; sourceTree = "<group>"; };
		C952E478114F286700FB1C20 /* BBServer.m */ = {isa = PBXFileReference; fileEncoding = 4; lastKnownFileType = sourcecode.c.objc; path = BBServer.m; sourceTree = "<group>"; };
		C952E479114F286700FB1C20 /* BBConnection.h */ = {isa = PBXFileReference; fileEncoding = 4; lastKnownFileType = sourcecode.c.h; path = BBConnection.h; sourceTree = "<group>"; };
		C952E47A114F286700FB1C20 /* BBConnection.m */ = {isa = PBXFileReference; fileEncoding = 4; lastKnownFileType = sourcecode.c.objc; path = BBConnection.m; sourceTree = "<group>"; };
		C952E47B114F286700FB1C20 /* BBRequest.h */ = {isa = PBXFileReference; fileEncoding = 4; lastKnownFileType = sourcecode.c.h; path = BBRequest.h; sourceTree = "<group>"; };
		C952E47C114F286700FB1C20 /* BBRequest.m */ = {isa = PBXFileReference; fileEncoding = 4; lastKnownFileType = sourcecode.c.objc; path = BBRequest.m; sourceTree = "<group>"; };
		C952E47D114F286700FB1C20 /* BBResponder.h */ = {isa = PBXFileReference; fileEncoding = 4; lastKnownFileType = sourcecode.c.h; path = BBResponder.h; sourceTree = "<group>"; };
		C952E47E114F286700FB1C20 /* BBDataResponse.h */ = {isa = PBXFileReference; fileEncoding = 4; lastKnownFileType = sourcecode.c.h; path = BBDataResponse.h; sourceTree = "<group>"; };
		C952E47F114F286700FB1C20 /* BBDataResponse.m */ = {isa = PBXFileReference; fileEncoding = 4; lastKnownFileType = sourcecode.c.objc; path = BBDataResponse.m; sourceTree = "<group>"; };
		C952E481114F286700FB1C20 /* HTTPAsyncFileResponse.h */ = {isa = PBXFileReference; fileEncoding = 4; lastKnownFileType = sourcecode.c.h; path = HTTPAsyncFileResponse.h; sourceTree = "<group>"; };
		C952E482114F286700FB1C20 /* HTTPAsyncFileResponse.m */ = {isa = PBXFileReference; fileEncoding = 4; lastKnownFileType = sourcecode.c.objc; path = HTTPAsyncFileResponse.m; sourceTree = "<group>"; };
		C952E483114F286700FB1C20 /* HTTPAuthenticationRequest.h */ = {isa = PBXFileReference; fileEncoding = 4; lastKnownFileType = sourcecode.c.h; path = HTTPAuthenticationRequest.h; sourceTree = "<group>"; };
		C952E484114F286700FB1C20 /* HTTPAuthenticationRequest.m */ = {isa = PBXFileReference; fileEncoding = 4; lastKnownFileType = sourcecode.c.objc; path = HTTPAuthenticationRequest.m; sourceTree = "<group>"; };
		C952E485114F286700FB1C20 /* HTTPServer.h */ = {isa = PBXFileReference; fileEncoding = 4; lastKnownFileType = sourcecode.c.h; path = HTTPServer.h; sourceTree = "<group>"; };
		C952E486114F286700FB1C20 /* HTTPServer.m */ = {isa = PBXFileReference; fileEncoding = 4; lastKnownFileType = sourcecode.c.objc; path = HTTPServer.m; sourceTree = "<group>"; };
		C952E487114F286700FB1C20 /* HTTPConnection.h */ = {isa = PBXFileReference; fileEncoding = 4; lastKnownFileType = sourcecode.c.h; path = HTTPConnection.h; sourceTree = "<group>"; };
		C952E488114F286700FB1C20 /* HTTPConnection.m */ = {isa = PBXFileReference; fileEncoding = 4; lastKnownFileType = sourcecode.c.objc; path = HTTPConnection.m; sourceTree = "<group>"; };
		C952E489114F286700FB1C20 /* HTTPResponse.h */ = {isa = PBXFileReference; fileEncoding = 4; lastKnownFileType = sourcecode.c.h; path = HTTPResponse.h; sourceTree = "<group>"; };
		C952E48A114F286700FB1C20 /* HTTPResponse.m */ = {isa = PBXFileReference; fileEncoding = 4; lastKnownFileType = sourcecode.c.objc; path = HTTPResponse.m; sourceTree = "<group>"; };
		C952E48C114F286700FB1C20 /* AsyncSocket.h */ = {isa = PBXFileReference; fileEncoding = 4; lastKnownFileType = sourcecode.c.h; path = AsyncSocket.h; sourceTree = "<group>"; };
		C952E48D114F286700FB1C20 /* AsyncSocket.m */ = {isa = PBXFileReference; fileEncoding = 4; lastKnownFileType = sourcecode.c.objc; path = AsyncSocket.m; sourceTree = "<group>"; };
		C952E48F114F286700FB1C20 /* DDNumber.h */ = {isa = PBXFileReference; fileEncoding = 4; lastKnownFileType = sourcecode.c.h; path = DDNumber.h; sourceTree = "<group>"; };
		C952E490114F286700FB1C20 /* DDNumber.m */ = {isa = PBXFileReference; fileEncoding = 4; lastKnownFileType = sourcecode.c.objc; path = DDNumber.m; sourceTree = "<group>"; };
		C952E491114F286700FB1C20 /* DDRange.h */ = {isa = PBXFileReference; fileEncoding = 4; lastKnownFileType = sourcecode.c.h; path = DDRange.h; sourceTree = "<group>"; };
		C952E492114F286700FB1C20 /* DDRange.m */ = {isa = PBXFileReference; fileEncoding = 4; lastKnownFileType = sourcecode.c.objc; path = DDRange.m; sourceTree = "<group>"; };
		C952E493114F286700FB1C20 /* DDData.h */ = {isa = PBXFileReference; fileEncoding = 4; lastKnownFileType = sourcecode.c.h; path = DDData.h; sourceTree = "<group>"; };
		C952E494114F286700FB1C20 /* DDData.m */ = {isa = PBXFileReference; fileEncoding = 4; lastKnownFileType = sourcecode.c.objc; path = DDData.m; sourceTree = "<group>"; };
		C952E4D6114F32A400FB1C20 /* BBDemoController.h */ = {isa = PBXFileReference; fileEncoding = 4; lastKnownFileType = sourcecode.c.h; path = BBDemoController.h; sourceTree = "<group>"; };
		C952E4D7114F32A400FB1C20 /* BBDemoController.m */ = {isa = PBXFileReference; fileEncoding = 4; lastKnownFileType = sourcecode.c.objc; path = BBDemoController.m; sourceTree = "<group>"; };
		C952E4F6114F362700FB1C20 /* off.tiff */ = {isa = PBXFileReference; lastKnownFileType = image.tiff; path = off.tiff; sourceTree = "<group>"; };
		C952E4F7114F362700FB1C20 /* on.tiff */ = {isa = PBXFileReference; lastKnownFileType = image.tiff; path = on.tiff; sourceTree = "<group>"; };
		C952E505114F3AA100FB1C20 /* English */ = {isa = PBXFileReference; fileEncoding = 4; lastKnownFileType = text.plist.strings; name = English; path = English.lproj/Localizable.strings; sourceTree = "<group>"; };
		C96928DF1224B89000CDC4FB /* HTTPDynamicFileResponse.h */ = {isa = PBXFileReference; fileEncoding = 4; lastKnownFileType = sourcecode.c.h; path = HTTPDynamicFileResponse.h; sourceTree = "<group>"; };
		C96928E01224B89000CDC4FB /* HTTPDynamicFileResponse.m */ = {isa = PBXFileReference; fileEncoding = 4; lastKnownFileType = sourcecode.c.objc; path = HTTPDynamicFileResponse.m; sourceTree = "<group>"; };
		C96929561224BE6700CDC4FB /* HaleBopp Demo.app */ = {isa = PBXFileReference; explicitFileType = wrapper.application; includeInIndex = 0; path = "HaleBopp Demo.app"; sourceTree = BUILT_PRODUCTS_DIR; };
		C96929581224BE6700CDC4FB /* HaleBopp Demo-Info.plist */ = {isa = PBXFileReference; lastKnownFileType = text.plist.xml; path = "HaleBopp Demo-Info.plist"; sourceTree = "<group>"; };
		C969297D1224C3B800CDC4FB /* HBDemoController.h */ = {isa = PBXFileReference; fileEncoding = 4; lastKnownFileType = sourcecode.c.h; path = HBDemoController.h; sourceTree = "<group>"; };
		C969297E1224C3B800CDC4FB /* HBDemoController.m */ = {isa = PBXFileReference; fileEncoding = 4; lastKnownFileType = sourcecode.c.objc; path = HBDemoController.m; sourceTree = "<group>"; };
		C96929911224C42A00CDC4FB /* English */ = {isa = PBXFileReference; lastKnownFileType = file.xib; name = English; path = English.lproj/MainMenuHB.xib; sourceTree = "<group>"; };
		C9692A3A1224D5D000CDC4FB /* HBResponder.h */ = {isa = PBXFileReference; fileEncoding = 4; lastKnownFileType = sourcecode.c.h; path = HBResponder.h; sourceTree = "<group>"; };
		C9692A3B1224D5D000CDC4FB /* HBResponder.m */ = {isa = PBXFileReference; fileEncoding = 4; lastKnownFileType = sourcecode.c.objc; path = HBResponder.m; sourceTree = "<group>"; };
		C9692A521224E3BD00CDC4FB /* HBResponderDelegate.h */ = {isa = PBXFileReference; fileEncoding = 4; lastKnownFileType = sourcecode.c.h; path = HBResponderDelegate.h; sourceTree = "<group>"; };
		C9692B0E1225005D00CDC4FB /* comet.html */ = {isa = PBXFileReference; fileEncoding = 4; lastKnownFileType = text.html; path = comet.html; sourceTree = "<group>"; };
/* End PBXFileReference section */

/* Begin PBXFrameworksBuildPhase section */
		8D11072E0486CEB800E47090 /* Frameworks */ = {
			isa = PBXFrameworksBuildPhase;
			buildActionMask = 2147483647;
			files = (
				8D11072F0486CEB800E47090 /* Cocoa.framework in Frameworks */,
				C92AE05D11505DA20049F7F2 /* SystemConfiguration.framework in Frameworks */,
			);
			runOnlyForDeploymentPostprocessing = 0;
		};
		C96929541224BE6700CDC4FB /* Frameworks */ = {
			isa = PBXFrameworksBuildPhase;
			buildActionMask = 2147483647;
			files = (
				C96929701224BFDE00CDC4FB /* Cocoa.framework in Frameworks */,
			);
			runOnlyForDeploymentPostprocessing = 0;
		};
/* End PBXFrameworksBuildPhase section */

/* Begin PBXGroup section */
		080E96DDFE201D6D7F000001 /* Classes (Demo App) */ = {
			isa = PBXGroup;
			children = (
				C952E4D6114F32A400FB1C20 /* BBDemoController.h */,
				C952E4D7114F32A400FB1C20 /* BBDemoController.m */,
				C92AE0C2115060EB0049F7F2 /* BBDemoLiveResponder.h */,
				C92AE0C3115060EB0049F7F2 /* BBDemoLiveResponder.m */,
			);
			name = "Classes (Demo App)";
			sourceTree = "<group>";
		};
		1058C7A0FEA54F0111CA2CBB /* Linked Frameworks */ = {
			isa = PBXGroup;
			children = (
				C92AE05C11505DA20049F7F2 /* SystemConfiguration.framework */,
				1058C7A1FEA54F0111CA2CBB /* Cocoa.framework */,
			);
			name = "Linked Frameworks";
			sourceTree = "<group>";
		};
		1058C7A2FEA54F0111CA2CBB /* Other Frameworks */ = {
			isa = PBXGroup;
			children = (
				29B97324FDCFA39411CA2CEA /* AppKit.framework */,
				13E42FB307B3F0F600E4EEF1 /* CoreData.framework */,
				29B97325FDCFA39411CA2CEA /* Foundation.framework */,
			);
			name = "Other Frameworks";
			sourceTree = "<group>";
		};
		19C28FACFE9D520D11CA2CBB /* Products */ = {
			isa = PBXGroup;
			children = (
				8D1107320486CEB800E47090 /* Blackbox Demo.app */,
				C96929561224BE6700CDC4FB /* HaleBopp Demo.app */,
			);
			name = Products;
			sourceTree = "<group>";
		};
		29B97314FDCFA39411CA2CEA /* Blackbox */ = {
			isa = PBXGroup;
			children = (
				C952E476114F286700FB1C20 /* Blackbox */,
				C9692A371224D5B400CDC4FB /* HaleBopp */,
				080E96DDFE201D6D7F000001 /* Classes (Demo App) */,
				C969294C1224BE2B00CDC4FB /* Classes (HaleBopp Demo App) */,
				29B97315FDCFA39411CA2CEA /* Other Sources */,
				29B97317FDCFA39411CA2CEA /* Resources */,
				29B97323FDCFA39411CA2CEA /* Frameworks */,
				19C28FACFE9D520D11CA2CBB /* Products */,
			);
			name = Blackbox;
			sourceTree = "<group>";
		};
		29B97315FDCFA39411CA2CEA /* Other Sources */ = {
			isa = PBXGroup;
			children = (
				256AC3F00F4B6AF500CF3369 /* Blackbox_Prefix.pch */,
				29B97316FDCFA39411CA2CEA /* main.m */,
			);
			name = "Other Sources";
			sourceTree = "<group>";
		};
		29B97317FDCFA39411CA2CEA /* Resources */ = {
			isa = PBXGroup;
			children = (
				C952E4F6114F362700FB1C20 /* off.tiff */,
				C952E4F7114F362700FB1C20 /* on.tiff */,
				8D1107310486CEB800E47090 /* Blackbox-Info.plist */,
				C96929581224BE6700CDC4FB /* HaleBopp Demo-Info.plist */,
				089C165CFE840E0CC02AAC07 /* InfoPlist.strings */,
				1DDD58140DA1D0A300B32029 /* MainMenu.xib */,
				C952E508114F3ABF00FB1C20 /* Localizable.strings */,
				C96929931224C43000CDC4FB /* MainMenuHB.xib */,
				C9692B0E1225005D00CDC4FB /* comet.html */,
			);
			name = Resources;
			sourceTree = "<group>";
		};
		29B97323FDCFA39411CA2CEA /* Frameworks */ = {
			isa = PBXGroup;
			children = (
				1058C7A0FEA54F0111CA2CBB /* Linked Frameworks */,
				1058C7A2FEA54F0111CA2CBB /* Other Frameworks */,
			);
			name = Frameworks;
			sourceTree = "<group>";
		};
		C952E476114F286700FB1C20 /* Blackbox */ = {
			isa = PBXGroup;
			children = (
				C952E48E114F286700FB1C20 /* Categories */,
				C952E48B114F286700FB1C20 /* TCP */,
				C952E480114F286700FB1C20 /* HTTP */,
				C952E477114F286700FB1C20 /* BBServer.h */,
				C952E478114F286700FB1C20 /* BBServer.m */,
				C952E479114F286700FB1C20 /* BBConnection.h */,
				C952E47A114F286700FB1C20 /* BBConnection.m */,
				C952E47B114F286700FB1C20 /* BBRequest.h */,
				C952E47C114F286700FB1C20 /* BBRequest.m */,
				C952E47D114F286700FB1C20 /* BBResponder.h */,
				C952E47E114F286700FB1C20 /* BBDataResponse.h */,
				C952E47F114F286700FB1C20 /* BBDataResponse.m */,
			);
			name = Blackbox;
			sourceTree = "<group>";
		};
		C952E480114F286700FB1C20 /* HTTP */ = {
			isa = PBXGroup;
			children = (
				C952E481114F286700FB1C20 /* HTTPAsyncFileResponse.h */,
				C952E482114F286700FB1C20 /* HTTPAsyncFileResponse.m */,
				C96928DF1224B89000CDC4FB /* HTTPDynamicFileResponse.h */,
				C96928E01224B89000CDC4FB /* HTTPDynamicFileResponse.m */,
				C952E483114F286700FB1C20 /* HTTPAuthenticationRequest.h */,
				C952E484114F286700FB1C20 /* HTTPAuthenticationRequest.m */,
				C952E485114F286700FB1C20 /* HTTPServer.h */,
				C952E486114F286700FB1C20 /* HTTPServer.m */,
				C952E487114F286700FB1C20 /* HTTPConnection.h */,
				C952E488114F286700FB1C20 /* HTTPConnection.m */,
				C952E489114F286700FB1C20 /* HTTPResponse.h */,
				C952E48A114F286700FB1C20 /* HTTPResponse.m */,
			);
			name = HTTP;
			sourceTree = "<group>";
		};
		C952E48B114F286700FB1C20 /* TCP */ = {
			isa = PBXGroup;
			children = (
				C952E48C114F286700FB1C20 /* AsyncSocket.h */,
				C952E48D114F286700FB1C20 /* AsyncSocket.m */,
			);
			name = TCP;
			sourceTree = "<group>";
		};
		C952E48E114F286700FB1C20 /* Categories */ = {
			isa = PBXGroup;
			children = (
				C952E48F114F286700FB1C20 /* DDNumber.h */,
				C952E490114F286700FB1C20 /* DDNumber.m */,
				C952E491114F286700FB1C20 /* DDRange.h */,
				C952E492114F286700FB1C20 /* DDRange.m */,
				C952E493114F286700FB1C20 /* DDData.h */,
				C952E494114F286700FB1C20 /* DDData.m */,
			);
			name = Categories;
			sourceTree = "<group>";
		};
		C969294C1224BE2B00CDC4FB /* Classes (HaleBopp Demo App) */ = {
			isa = PBXGroup;
			children = (
				C969297D1224C3B800CDC4FB /* HBDemoController.h */,
				C969297E1224C3B800CDC4FB /* HBDemoController.m */,
			);
			name = "Classes (HaleBopp Demo App)";
			sourceTree = "<group>";
		};
		C9692A371224D5B400CDC4FB /* HaleBopp */ = {
			isa = PBXGroup;
			children = (
				C9692A3A1224D5D000CDC4FB /* HBResponder.h */,
				C9692A3B1224D5D000CDC4FB /* HBResponder.m */,
				C9692A521224E3BD00CDC4FB /* HBResponderDelegate.h */,
			);
			name = HaleBopp;
			sourceTree = "<group>";
		};
/* End PBXGroup section */

/* Begin PBXNativeTarget section */
		8D1107260486CEB800E47090 /* Blackbox Demo */ = {
			isa = PBXNativeTarget;
			buildConfigurationList = C01FCF4A08A954540054247B /* Build configuration list for PBXNativeTarget "Blackbox Demo" */;
			buildPhases = (
				8D1107290486CEB800E47090 /* Resources */,
				8D11072C0486CEB800E47090 /* Sources */,
				8D11072E0486CEB800E47090 /* Frameworks */,
			);
			buildRules = (
			);
			dependencies = (
			);
			name = "Blackbox Demo";
			productInstallPath = "$(HOME)/Applications";
			productName = Blackbox;
			productReference = 8D1107320486CEB800E47090 /* Blackbox Demo.app */;
			productType = "com.apple.product-type.application";
		};
		C96929551224BE6700CDC4FB /* HaleBopp Demo */ = {
			isa = PBXNativeTarget;
			buildConfigurationList = C969295B1224BE6700CDC4FB /* Build configuration list for PBXNativeTarget "HaleBopp Demo" */;
			buildPhases = (
				C96929521224BE6700CDC4FB /* Resources */,
				C96929531224BE6700CDC4FB /* Sources */,
				C96929541224BE6700CDC4FB /* Frameworks */,
			);
			buildRules = (
			);
			dependencies = (
			);
			name = "HaleBopp Demo";
			productName = "HaleBopp Demo";
			productReference = C96929561224BE6700CDC4FB /* HaleBopp Demo.app */;
			productType = "com.apple.product-type.application";
		};
/* End PBXNativeTarget section */

/* Begin PBXProject section */
		29B97313FDCFA39411CA2CEA /* Project object */ = {
			isa = PBXProject;
			attributes = {
				ORGANIZATIONNAME = "Matt Patenaude";
			};
			buildConfigurationList = C01FCF4E08A954540054247B /* Build configuration list for PBXProject "Blackbox" */;
			compatibilityVersion = "Xcode 3.1";
			hasScannedForEncodings = 1;
			mainGroup = 29B97314FDCFA39411CA2CEA /* Blackbox */;
			projectDirPath = "";
			projectRoot = "";
			targets = (
				8D1107260486CEB800E47090 /* Blackbox Demo */,
				C96929551224BE6700CDC4FB /* HaleBopp Demo */,
			);
		};
/* End PBXProject section */

/* Begin PBXResourcesBuildPhase section */
		8D1107290486CEB800E47090 /* Resources */ = {
			isa = PBXResourcesBuildPhase;
			buildActionMask = 2147483647;
			files = (
				8D11072B0486CEB800E47090 /* InfoPlist.strings in Resources */,
				1DDD58160DA1D0A300B32029 /* MainMenu.xib in Resources */,
				C952E4F8114F362700FB1C20 /* off.tiff in Resources */,
				C952E4F9114F362700FB1C20 /* on.tiff in Resources */,
				C952E509114F3ABF00FB1C20 /* Localizable.strings in Resources */,
			);
			runOnlyForDeploymentPostprocessing = 0;
		};
		C96929521224BE6700CDC4FB /* Resources */ = {
			isa = PBXResourcesBuildPhase;
			buildActionMask = 2147483647;
			files = (
				C96929941224C43000CDC4FB /* MainMenuHB.xib in Resources */,
				C96929AD1224C61600CDC4FB /* Localizable.strings in Resources */,
				C96929AE1224C61E00CDC4FB /* off.tiff in Resources */,
				C96929AF1224C61E00CDC4FB /* on.tiff in Resources */,
				C9692B0F1225005D00CDC4FB /* comet.html in Resources */,
			);
			runOnlyForDeploymentPostprocessing = 0;
		};
/* End PBXResourcesBuildPhase section */

/* Begin PBXSourcesBuildPhase section */
		8D11072C0486CEB800E47090 /* Sources */ = {
			isa = PBXSourcesBuildPhase;
			buildActionMask = 2147483647;
			files = (
				8D11072D0486CEB800E47090 /* main.m in Sources */,
				C952E495114F286700FB1C20 /* BBServer.m in Sources */,
				C952E496114F286700FB1C20 /* BBConnection.m in Sources */,
				C952E497114F286700FB1C20 /* BBRequest.m in Sources */,
				C952E498114F286700FB1C20 /* BBDataResponse.m in Sources */,
				C952E499114F286700FB1C20 /* HTTPAsyncFileResponse.m in Sources */,
				C952E49A114F286700FB1C20 /* HTTPAuthenticationRequest.m in Sources */,
				C952E49B114F286700FB1C20 /* HTTPServer.m in Sources */,
				C952E49C114F286700FB1C20 /* HTTPConnection.m in Sources */,
				C952E49D114F286700FB1C20 /* HTTPResponse.m in Sources */,
				C952E49E114F286700FB1C20 /* AsyncSocket.m in Sources */,
				C952E49F114F286700FB1C20 /* DDNumber.m in Sources */,
				C952E4A0114F286700FB1C20 /* DDRange.m in Sources */,
				C952E4A1114F286700FB1C20 /* DDData.m in Sources */,
				C952E4D8114F32A400FB1C20 /* BBDemoController.m in Sources */,
				C92AE0C4115060EB0049F7F2 /* BBDemoLiveResponder.m in Sources */,
				C96928E11224B89000CDC4FB /* HTTPDynamicFileResponse.m in Sources */,
			);
			runOnlyForDeploymentPostprocessing = 0;
		};
		C96929531224BE6700CDC4FB /* Sources */ = {
			isa = PBXSourcesBuildPhase;
			buildActionMask = 2147483647;
			files = (
				C969297F1224C3B800CDC4FB /* HBDemoController.m in Sources */,
				C96929801224C3C300CDC4FB /* main.m in Sources */,
				C96929811224C3F400CDC4FB /* BBServer.m in Sources */,
				C96929821224C3F400CDC4FB /* BBConnection.m in Sources */,
				C96929831224C3FC00CDC4FB /* BBRequest.m in Sources */,
				C96929841224C3FC00CDC4FB /* BBDataResponse.m in Sources */,
				C96929851224C40600CDC4FB /* HTTPAsyncFileResponse.m in Sources */,
				C96929861224C40600CDC4FB /* HTTPDynamicFileResponse.m in Sources */,
				C96929871224C40600CDC4FB /* HTTPAuthenticationRequest.m in Sources */,
				C96929881224C40600CDC4FB /* HTTPServer.m in Sources */,
				C96929891224C40600CDC4FB /* HTTPConnection.m in Sources */,
				C969298A1224C40600CDC4FB /* HTTPResponse.m in Sources */,
				C969298B1224C40D00CDC4FB /* AsyncSocket.m in Sources */,
				C969298C1224C41400CDC4FB /* DDNumber.m in Sources */,
				C969298D1224C41400CDC4FB /* DDRange.m in Sources */,
				C969298E1224C41400CDC4FB /* DDData.m in Sources */,
				C9692A3C1224D5D000CDC4FB /* HBResponder.m in Sources */,
			);
			runOnlyForDeploymentPostprocessing = 0;
		};
/* End PBXSourcesBuildPhase section */

/* Begin PBXVariantGroup section */
		089C165CFE840E0CC02AAC07 /* InfoPlist.strings */ = {
			isa = PBXVariantGroup;
			children = (
				089C165DFE840E0CC02AAC07 /* English */,
			);
			name = InfoPlist.strings;
			sourceTree = "<group>";
		};
		1DDD58140DA1D0A300B32029 /* MainMenu.xib */ = {
			isa = PBXVariantGroup;
			children = (
				1DDD58150DA1D0A300B32029 /* English */,
			);
			name = MainMenu.xib;
			sourceTree = "<group>";
		};
		C952E508114F3ABF00FB1C20 /* Localizable.strings */ = {
			isa = PBXVariantGroup;
			children = (
				C952E505114F3AA100FB1C20 /* English */,
			);
			name = Localizable.strings;
			sourceTree = "<group>";
		};
		C96929931224C43000CDC4FB /* MainMenuHB.xib */ = {
			isa = PBXVariantGroup;
			children = (
				C96929911224C42A00CDC4FB /* English */,
			);
			name = MainMenuHB.xib;
			sourceTree = "<group>";
		};
/* End PBXVariantGroup section */

/* Begin XCBuildConfiguration section */
		C01FCF4B08A954540054247B /* Debug */ = {
			isa = XCBuildConfiguration;
			buildSettings = {
				ALWAYS_SEARCH_USER_PATHS = NO;
				COPY_PHASE_STRIP = NO;
				GCC_DYNAMIC_NO_PIC = NO;
				GCC_ENABLE_FIX_AND_CONTINUE = YES;
				GCC_MODEL_TUNING = G5;
				GCC_OPTIMIZATION_LEVEL = 0;
				GCC_PRECOMPILE_PREFIX_HEADER = YES;
				GCC_PREFIX_HEADER = Blackbox_Prefix.pch;
				INFOPLIST_FILE = "Blackbox-Info.plist";
				INSTALL_PATH = "$(HOME)/Applications";
				PRODUCT_NAME = "Blackbox Demo";
			};
			name = Debug;
		};
		C01FCF4C08A954540054247B /* Release */ = {
			isa = XCBuildConfiguration;
			buildSettings = {
				ALWAYS_SEARCH_USER_PATHS = NO;
				DEBUG_INFORMATION_FORMAT = "dwarf-with-dsym";
				GCC_MODEL_TUNING = G5;
				GCC_PRECOMPILE_PREFIX_HEADER = YES;
				GCC_PREFIX_HEADER = Blackbox_Prefix.pch;
				INFOPLIST_FILE = "Blackbox-Info.plist";
				INSTALL_PATH = "$(HOME)/Applications";
				PRODUCT_NAME = "Blackbox Demo";
			};
			name = Release;
		};
		C01FCF4F08A954540054247B /* Debug */ = {
			isa = XCBuildConfiguration;
			buildSettings = {
				ARCHS = "$(ARCHS_STANDARD_32_64_BIT)";
				GCC_C_LANGUAGE_STANDARD = gnu99;
				GCC_OPTIMIZATION_LEVEL = 0;
				GCC_WARN_ABOUT_RETURN_TYPE = YES;
				GCC_WARN_UNUSED_VARIABLE = YES;
				ONLY_ACTIVE_ARCH = YES;
				PREBINDING = NO;
				SDKROOT = macosx10.6;
			};
			name = Debug;
		};
		C01FCF5008A954540054247B /* Release */ = {
			isa = XCBuildConfiguration;
			buildSettings = {
				ARCHS = "$(ARCHS_STANDARD_32_64_BIT)";
				GCC_C_LANGUAGE_STANDARD = gnu99;
				GCC_WARN_ABOUT_RETURN_TYPE = YES;
				GCC_WARN_UNUSED_VARIABLE = YES;
				PREBINDING = NO;
				SDKROOT = macosx10.6;
			};
			name = Release;
		};
		C96929591224BE6700CDC4FB /* Debug */ = {
			isa = XCBuildConfiguration;
			buildSettings = {
				ALWAYS_SEARCH_USER_PATHS = NO;
				COPY_PHASE_STRIP = NO;
				GCC_DYNAMIC_NO_PIC = NO;
				GCC_ENABLE_FIX_AND_CONTINUE = YES;
				GCC_MODEL_TUNING = G5;
				GCC_OPTIMIZATION_LEVEL = 0;
				GCC_PRECOMPILE_PREFIX_HEADER = YES;
				GCC_PREFIX_HEADER = "$(SYSTEM_LIBRARY_DIR)/Frameworks/AppKit.framework/Headers/AppKit.h";
				INFOPLIST_FILE = "HaleBopp Demo-Info.plist";
				INSTALL_PATH = "$(HOME)/Applications";
				OTHER_LDFLAGS = (
					"-framework",
					Foundation,
					"-framework",
					AppKit,
				);
				PREBINDING = NO;
				PRODUCT_NAME = "HaleBopp Demo";
			};
			name = Debug;
		};
		C969295A1224BE6700CDC4FB /* Release */ = {
			isa = XCBuildConfiguration;
			buildSettings = {
				ALWAYS_SEARCH_USER_PATHS = NO;
				COPY_PHASE_STRIP = YES;
				DEBUG_INFORMATION_FORMAT = "dwarf-with-dsym";
				GCC_ENABLE_FIX_AND_CONTINUE = NO;
				GCC_MODEL_TUNING = G5;
				GCC_PRECOMPILE_PREFIX_HEADER = YES;
				GCC_PREFIX_HEADER = "$(SYSTEM_LIBRARY_DIR)/Frameworks/AppKit.framework/Headers/AppKit.h";
				INFOPLIST_FILE = "HaleBopp Demo-Info.plist";
				INSTALL_PATH = "$(HOME)/Applications";
				OTHER_LDFLAGS = (
					"-framework",
					Foundation,
					"-framework",
					AppKit,
				);
				PREBINDING = NO;
				PRODUCT_NAME = "HaleBopp Demo";
				ZERO_LINK = NO;
			};
			name = Release;
		};
/* End XCBuildConfiguration section */

/* Begin XCConfigurationList section */
		C01FCF4A08A954540054247B /* Build configuration list for PBXNativeTarget "Blackbox Demo" */ = {
			isa = XCConfigurationList;
			buildConfigurations = (
				C01FCF4B08A954540054247B /* Debug */,
				C01FCF4C08A954540054247B /* Release */,
			);
			defaultConfigurationIsVisible = 0;
			defaultConfigurationName = Release;
		};
		C01FCF4E08A954540054247B /* Build configuration list for PBXProject "Blackbox" */ = {
			isa = XCConfigurationList;
			buildConfigurations = (
				C01FCF4F08A954540054247B /* Debug */,
				C01FCF5008A954540054247B /* Release */,
			);
			defaultConfigurationIsVisible = 0;
			defaultConfigurationName = Release;
		};
		C969295B1224BE6700CDC4FB /* Build configuration list for PBXNativeTarget "HaleBopp Demo" */ = {
			isa = XCConfigurationList;
			buildConfigurations = (
				C96929591224BE6700CDC4FB /* Debug */,
				C969295A1224BE6700CDC4FB /* Release */,
			);
			defaultConfigurationIsVisible = 0;
			defaultConfigurationName = Release;
		};
/* End XCConfigurationList section */
	};
	rootObject = 29B97313FDCFA39411CA2CEA /* Project object */;
}
